
Microsoft Visual Studio Solution File, Format Version 12.00
# Visual Studio Version 16
VisualStudioVersion = 16.0.31019.35
MinimumVisualStudioVersion = 10.0.40219.1
Project("{FAE04EC0-301F-11D3-BF4B-00C04F79EFBC}") = "SeriesSumLib", "SeriesSum\SeriesSumLib.csproj", "{A6576DE5-C06E-48B3-848F-E9CA0990F2A4}"
EndProject
Project("{FAE04EC0-301F-11D3-BF4B-00C04F79EFBC}") = "ConsoleSeriesSum", "ConsoleSeriesSum\ConsoleSeriesSum.csproj", "{3074EBD0-1075-48C4-BF82-AAD65CE09D44}"
EndProject
Global
	GlobalSection(SolutionConfigurationPlatforms) = preSolution
		Debug|Any CPU = Debug|Any CPU
		Release|Any CPU = Release|Any CPU
	EndGlobalSection
	GlobalSection(ProjectConfigurationPlatforms) = postSolution
		{A6576DE5-C06E-48B3-848F-E9CA0990F2A4}.Debug|Any CPU.ActiveCfg = Debug|Any CPU
		{A6576DE5-C06E-48B3-848F-E9CA0990F2A4}.Debug|Any CPU.Build.0 = Debug|Any CPU
		{A6576DE5-C06E-48B3-848F-E9CA0990F2A4}.Release|Any CPU.ActiveCfg = Release|Any CPU
		{A6576DE5-C06E-48B3-848F-E9CA0990F2A4}.Release|Any CPU.Build.0 = Release|Any CPU
		{3074EBD0-1075-48C4-BF82-AAD65CE09D44}.Debug|Any CPU.ActiveCfg = Debug|Any CPU
		{3074EBD0-1075-48C4-BF82-AAD65CE09D44}.Debug|Any CPU.Build.0 = Debug|Any CPU
		{3074EBD0-1075-48C4-BF82-AAD65CE09D44}.Release|Any CPU.ActiveCfg = Release|Any CPU
		{3074EBD0-1075-48C4-BF82-AAD65CE09D44}.Release|Any CPU.Build.0 = Release|Any CPU
	EndGlobalSection
	GlobalSection(SolutionProperties) = preSolution
		HideSolutionNode = FALSE
	EndGlobalSection
	GlobalSection(ExtensibilityGlobals) = postSolution
		SolutionGuid = {3CD0D095-8BD7-491F-A913-FBA9ECC43855}
	EndGlobalSection
EndGlobal
